
Microsoft Visual Studio Solution File, Format Version 12.00
# Visual Studio Version 17
VisualStudioVersion = 17.1.32210.238
MinimumVisualStudioVersion = 10.0.40219.1
Project("{9A19103F-16F7-4668-BE54-9A1E7A4F7556}") = "Challenges", "Challenges.csproj", "{B67F9FA2-0377-4CBE-A402-941D6E1FE214}"
EndProject
Global
	GlobalSection(SolutionConfigurationPlatforms) = preSolution
		Debug|Any CPU = Debug|Any CPU
		Release|Any CPU = Release|Any CPU
	EndGlobalSection
	GlobalSection(ProjectConfigurationPlatforms) = postSolution
		{B67F9FA2-0377-4CBE-A402-941D6E1FE214}.Debug|Any CPU.ActiveCfg = Debug|Any CPU
		{B67F9FA2-0377-4CBE-A402-941D6E1FE214}.Debug|Any CPU.Build.0 = Debug|Any CPU
		{B67F9FA2-0377-4CBE-A402-941D6E1FE214}.Release|Any CPU.ActiveCfg = Release|Any CPU
		{B67F9FA2-0377-4CBE-A402-941D6E1FE214}.Release|Any CPU.Build.0 = Release|Any CPU
	EndGlobalSection
	GlobalSection(SolutionProperties) = preSolution
		HideSolutionNode = FALSE
	EndGlobalSection
	GlobalSection(ExtensibilityGlobals) = postSolution
		SolutionGuid = {A1424A0D-984E-4055-A5B3-7C9C9F8E69B1}
	EndGlobalSection
EndGlobal
